
Microsoft Visual Studio Solution File, Format Version 12.00
# Visual Studio Version 17
VisualStudioVersion = 17.11.35312.102
MinimumVisualStudioVersion = 10.0.40219.1
Project("{FAE04EC0-301F-11D3-BF4B-00C04F79EFBC}") = "GameTac.Net.Server", "GameTac.Net.Server\GameTac.Net.Server.csproj", "{A6C674CB-E3BE-46BA-84ED-922B123F09CE}"
EndProject
Global
	GlobalSection(SolutionConfigurationPlatforms) = preSolution
		Debug|Any CPU = Debug|Any CPU
		Release|Any CPU = Release|Any CPU
	EndGlobalSection
	GlobalSection(ProjectConfigurationPlatforms) = postSolution
		{A6C674CB-E3BE-46BA-84ED-922B123F09CE}.Debug|Any CPU.ActiveCfg = Debug|Any CPU
		{A6C674CB-E3BE-46BA-84ED-922B123F09CE}.Debug|Any CPU.Build.0 = Debug|Any CPU
		{A6C674CB-E3BE-46BA-84ED-922B123F09CE}.Release|Any CPU.ActiveCfg = Release|Any CPU
		{A6C674CB-E3BE-46BA-84ED-922B123F09CE}.Release|Any CPU.Build.0 = Release|Any CPU
	EndGlobalSection
	GlobalSection(SolutionProperties) = preSolution
		HideSolutionNode = FALSE
	EndGlobalSection
	GlobalSection(ExtensibilityGlobals) = postSolution
		SolutionGuid = {0701FC34-879C-4E56-BA93-754C42A27556}
	EndGlobalSection
EndGlobal
